{
  "nodes": {
    "claude-config": {
      "flake": false,
      "locked": {
        "lastModified": 1791571492,
        "narHash": "sha256-obwvzukx+0bZsfNFG36c2RQHgX+rvNm+fR2OWdUs/K0=",
        "ref": "refs/heads/main",
        "rev": "b9dc8cd8b557b35ee968d20d4797764374d9f66d",
        "revCount": 65,
        "type": "git",
        "url": "ssh://git@github.com/darrenkuro/claude-config"
      },
      "original": {
        "type": "git",
        "url": "ssh://git@github.com/darrenkuro/claude-config"
      }
    },
    "claude-plugins-official": {
      "flake": false,
      "locked": {
        "lastModified": 1790976370,
        "narHash": "sha256-LQ78jO8fzutmPJSsc3XeA+KqEP8wOrhH8AQaDCr/Pd8=",
        "owner": "anthropics",
        "repo": "claude-plugins-official",
        "rev": "d182ca456ca09d31d139f7d3818d1d333b103cce",
        "type": "github"
      },
      "original": {
        "owner": "anthropics",
        "repo": "claude-plugins-official",
        "type": "github"
      }
    },
    "home-manager": {
      "inputs": {
        "nixpkgs": [
          "nixpkgs"
        ]
      },
      "locked": {
        "lastModified": 1790989254,
        "narHash": "sha256-ZN+riaeFuE+DZ5zfqJiXlM12jLwZzeIXiNkU1YeHMXI=",
        "owner": "nix-community",
        "repo": "home-manager",
        "rev": "acd21c5a3420a9d5fd0ed06299b10828267ef9ba",
        "type": "github"
      },
      "original": {
        "owner": "nix-community",
        "repo": "home-manager",
        "type": "github"
      }
    },
    "netusage": {
      "flake": false,
      "locked": {
        "lastModified": 1779963477,
        "narHash": "sha256-DmIK1z1FEaxiFV6dIBBPJ5wMFGA+V3UFbUmkfMe8CxM=",
        "owner": "darrenkuro",
        "repo": "netusage",
        "rev": "64588c5c1e9836c7dc56cb1062c7f7a9e9c7bd8d",
        "type": "github"
      },
      "original": {
        "owner": "darrenkuro",
        "repo": "netusage",
        "type": "github"
      }
    },
    "nix-darwin": {
      "inputs": {
        "nixpkgs": [
          "nixpkgs"
        ]
      },
      "locked": {
        "lastModified": 1786845137,
        "narHash": "sha256-oQFip+v0luP8NIxJzmiW4Wu8bILsbFWom5l0zonl8hQ=",
        "owner": "nix-darwin",
        "repo": "nix-darwin",
        "rev": "4cff07de74b50e64bdd68cd4e722ab5b6b35ee48",
        "type": "github"
      },
      "original": {
        "owner": "nix-darwin",
        "repo": "nix-darwin",
        "type": "github"
      }
    },
    "nixpkgs": {
      "locked": {
        "lastModified": 1790822859,
        "narHash": "sha256-69xHQhAeMAD2wDXO7T2pcOZIF9Sga2W+JkmY2a11Ops=",
        "owner": "nixos",
        "repo": "nixpkgs",
        "rev": "c59305bab2065cfecc4944690d9eedbb56f3a9fa",
        "type": "github"
      },
      "original": {
        "owner": "nixos",
        "ref": "nixos-unstable",
        "repo": "nixpkgs",
        "type": "github"
      }
    },
    "obsidian-skills": {
      "flake": false,
      "locked": {
        "lastModified": 1789483437,
        "narHash": "sha256-kyH07EVmwIEC/q6i91Kz8mPE78j9ITga2NZUpU1+nHU=",
        "owner": "kepano",
        "repo": "obsidian-skills",
        "rev": "3ccff5338ea700537839b21900aa5358a0402c98",
        "type": "github"
      },
      "original": {
        "owner": "kepano",
        "repo": "obsidian-skills",
        "type": "github"
      }
    },
    "root": {
      "inputs": {
        "claude-config": "claude-config",
        "claude-plugins-official": "claude-plugins-official",
        "home-manager": "home-manager",
        "netusage": "netusage",
        "nix-darwin": "nix-darwin",
        "nixpkgs": "nixpkgs",
        "obsidian-skills": "obsidian-skills"
      }
    }
  },
  "root": "root",
  "version": 7
}
