{
  "nodes": {
    "claude-config": {
      "flake": false,
      "locked": {
        "lastModified": 1781737546,
        "narHash": "sha256-8KwdHnC6wd3P8x0lD4/7GTuxJDFopAJnfCi/0w1Its0=",
        "ref": "refs/heads/main",
        "rev": "121639f9546f708e086730a691d948f523e5b98b",
        "revCount": 22,
        "type": "git",
        "url": "ssh://git@github.com/darrenkuro/claude-config"
      },
      "original": {
        "type": "git",
        "url": "ssh://git@github.com/darrenkuro/claude-config"
      }
    },
    "claude-plugins-official": {
      "flake": false,
      "locked": {
        "lastModified": 1781136946,
        "narHash": "sha256-ezMJqz2rKNx/Bh60HRVR+nxJo1oOiXYKSXjHYUeG21g=",
        "owner": "anthropics",
        "repo": "claude-plugins-official",
        "rev": "9eae436aa2968ada86d8535634d0be5162d720b8",
        "type": "github"
      },
      "original": {
        "owner": "anthropics",
        "repo": "claude-plugins-official",
        "type": "github"
      }
    },
    "home-manager": {
      "inputs": {
        "nixpkgs": [
          "nixpkgs"
        ]
      },
      "locked": {
        "lastModified": 1781129616,
        "narHash": "sha256-Hl0Pz/QIKpePSU7SdK3BMe5VNmUhFvfWyg57GyawxzE=",
        "owner": "nix-community",
        "repo": "home-manager",
        "rev": "7dbd305f8b81050f223f00bcfbc8a6b74e048806",
        "type": "github"
      },
      "original": {
        "owner": "nix-community",
        "repo": "home-manager",
        "type": "github"
      }
    },
    "netusage": {
      "flake": false,
      "locked": {
        "lastModified": 1779963477,
        "narHash": "sha256-DmIK1z1FEaxiFV6dIBBPJ5wMFGA+V3UFbUmkfMe8CxM=",
        "owner": "darrenkuro",
        "repo": "netusage",
        "rev": "64588c5c1e9836c7dc56cb1062c7f7a9e9c7bd8d",
        "type": "github"
      },
      "original": {
        "owner": "darrenkuro",
        "repo": "netusage",
        "type": "github"
      }
    },
    "nix-darwin": {
      "inputs": {
        "nixpkgs": [
          "nixpkgs"
        ]
      },
      "locked": {
        "lastModified": 1781160382,
        "narHash": "sha256-rK6/8hoDWZe64npiBEIcrJ5JLv1zBnn6HBZGbVj/nDU=",
        "owner": "nix-darwin",
        "repo": "nix-darwin",
        "rev": "f73cbf1f6549f1bf349398f8276801a9c1a17aa7",
        "type": "github"
      },
      "original": {
        "owner": "nix-darwin",
        "repo": "nix-darwin",
        "type": "github"
      }
    },
    "nixpkgs": {
      "locked": {
        "lastModified": 1780749050,
        "narHash": "sha256-3av0pIjlOWQ6rDbNOmpUSvbNnJkGORQKKjb4LtCZsIY=",
        "owner": "nixos",
        "repo": "nixpkgs",
        "rev": "a799d3e3886da994fa307f817a6bc705ae538eeb",
        "type": "github"
      },
      "original": {
        "owner": "nixos",
        "ref": "nixos-unstable",
        "repo": "nixpkgs",
        "type": "github"
      }
    },
    "obsidian-skills": {
      "flake": false,
      "locked": {
        "lastModified": 1780935121,
        "narHash": "sha256-/Kr3cMaN81WXFxgWMNt/QQhEMzuu3e3WJpspqjrnPss=",
        "owner": "kepano",
        "repo": "obsidian-skills",
        "rev": "a1dc48e68138490d522c04cbf5822214c6eb1202",
        "type": "github"
      },
      "original": {
        "owner": "kepano",
        "repo": "obsidian-skills",
        "type": "github"
      }
    },
    "root": {
      "inputs": {
        "claude-config": "claude-config",
        "claude-plugins-official": "claude-plugins-official",
        "home-manager": "home-manager",
        "netusage": "netusage",
        "nix-darwin": "nix-darwin",
        "nixpkgs": "nixpkgs",
        "obsidian-skills": "obsidian-skills"
      }
    }
  },
  "root": "root",
  "version": 7
}
