{
  "nodes": {
    "claude-config": {
      "flake": false,
      "locked": {
        "lastModified": 1783337764,
        "narHash": "sha256-bS5wz7TOVuGwhbxvrPv/VS2H0hHlm1yB7/Xo5Mex6qE=",
        "ref": "refs/heads/main",
        "rev": "3ef3df8c289252471998ab769ba9caf8dd383d51",
        "revCount": 38,
        "type": "git",
        "url": "ssh://git@github.com/darrenkuro/claude-config"
      },
      "original": {
        "type": "git",
        "url": "ssh://git@github.com/darrenkuro/claude-config"
      }
    },
    "claude-plugins-official": {
      "flake": false,
      "locked": {
        "lastModified": 1781807412,
        "narHash": "sha256-A0K2/vhLuziQPylvXuS45QzqjU6ZjsII75FciRikDuk=",
        "owner": "anthropics",
        "repo": "claude-plugins-official",
        "rev": "e8ced60375b2ef318e8446d209323078c1c7bfa2",
        "type": "github"
      },
      "original": {
        "owner": "anthropics",
        "repo": "claude-plugins-official",
        "type": "github"
      }
    },
    "home-manager": {
      "inputs": {
        "nixpkgs": [
          "nixpkgs"
        ]
      },
      "locked": {
        "lastModified": 1781810163,
        "narHash": "sha256-dk8lIk0UnO8GD3e7e3HM1vSYXpbEDmhy67w7KztfdCg=",
        "owner": "nix-community",
        "repo": "home-manager",
        "rev": "c8f0b8ed441c95bfeaf33555e7631044bb09f384",
        "type": "github"
      },
      "original": {
        "owner": "nix-community",
        "repo": "home-manager",
        "type": "github"
      }
    },
    "netusage": {
      "flake": false,
      "locked": {
        "lastModified": 1779963477,
        "narHash": "sha256-DmIK1z1FEaxiFV6dIBBPJ5wMFGA+V3UFbUmkfMe8CxM=",
        "owner": "darrenkuro",
        "repo": "netusage",
        "rev": "64588c5c1e9836c7dc56cb1062c7f7a9e9c7bd8d",
        "type": "github"
      },
      "original": {
        "owner": "darrenkuro",
        "repo": "netusage",
        "type": "github"
      }
    },
    "nix-darwin": {
      "inputs": {
        "nixpkgs": [
          "nixpkgs"
        ]
      },
      "locked": {
        "lastModified": 1781761792,
        "narHash": "sha256-rCPytmKNjctLloB6UgK5CRrHSwV4b0ygxtJLPPp8R14=",
        "owner": "nix-darwin",
        "repo": "nix-darwin",
        "rev": "a1fa429e945becaf60468600daf649be4ba0350c",
        "type": "github"
      },
      "original": {
        "owner": "nix-darwin",
        "repo": "nix-darwin",
        "type": "github"
      }
    },
    "nixpkgs": {
      "locked": {
        "lastModified": 1781577229,
        "narHash": "sha256-lrp67w8AulE9Ks53n27I45ADSzbOCn4H+CNW1Ck8B+8=",
        "owner": "nixos",
        "repo": "nixpkgs",
        "rev": "567a49d1913ce81ac6e9582e3553dd90a955875f",
        "type": "github"
      },
      "original": {
        "owner": "nixos",
        "ref": "nixos-unstable",
        "repo": "nixpkgs",
        "type": "github"
      }
    },
    "obsidian-skills": {
      "flake": false,
      "locked": {
        "lastModified": 1780935121,
        "narHash": "sha256-/Kr3cMaN81WXFxgWMNt/QQhEMzuu3e3WJpspqjrnPss=",
        "owner": "kepano",
        "repo": "obsidian-skills",
        "rev": "a1dc48e68138490d522c04cbf5822214c6eb1202",
        "type": "github"
      },
      "original": {
        "owner": "kepano",
        "repo": "obsidian-skills",
        "type": "github"
      }
    },
    "root": {
      "inputs": {
        "claude-config": "claude-config",
        "claude-plugins-official": "claude-plugins-official",
        "home-manager": "home-manager",
        "netusage": "netusage",
        "nix-darwin": "nix-darwin",
        "nixpkgs": "nixpkgs",
        "obsidian-skills": "obsidian-skills"
      }
    }
  },
  "root": "root",
  "version": 7
}
